
Microsoft Visual Studio Solution File, Format Version 12.00
# Visual Studio Version 17
VisualStudioVersion = 17.14.37502.11
MinimumVisualStudioVersion = 10.0.40219.1
Project("{FAE04EC0-301F-11D3-BF4B-00C04F79EFBC}") = "pop", "pop\src\pop.csproj", "{2DC38D6F-FA9F-42CE-B5C2-1924765980E9}"
EndProject
Project("{FAE04EC0-301F-11D3-BF4B-00C04F79EFBC}") = "tests", "pop\tests\tests.csproj", "{79835147-3A2D-4BB4-9990-2D4F734A8439}"
EndProject
Global
	GlobalSection(SolutionConfigurationPlatforms) = preSolution
		Debug|Any CPU = Debug|Any CPU
		Debug|x64 = Debug|x64
		Debug|x86 = Debug|x86
		Release|Any CPU = Release|Any CPU
		Release|x64 = Release|x64
		Release|x86 = Release|x86
	EndGlobalSection
	GlobalSection(ProjectConfigurationPlatforms) = postSolution
		{2DC38D6F-FA9F-42CE-B5C2-1924765980E9}.Debug|Any CPU.ActiveCfg = Debug|Any CPU
		{2DC38D6F-FA9F-42CE-B5C2-1924765980E9}.Debug|Any CPU.Build.0 = Debug|Any CPU
		{2DC38D6F-FA9F-42CE-B5C2-1924765980E9}.Debug|x64.ActiveCfg = Debug|Any CPU
		{2DC38D6F-FA9F-42CE-B5C2-1924765980E9}.Debug|x64.Build.0 = Debug|Any CPU
		{2DC38D6F-FA9F-42CE-B5C2-1924765980E9}.Debug|x86.ActiveCfg = Debug|Any CPU
		{2DC38D6F-FA9F-42CE-B5C2-1924765980E9}.Debug|x86.Build.0 = Debug|Any CPU
		{2DC38D6F-FA9F-42CE-B5C2-1924765980E9}.Release|Any CPU.ActiveCfg = Release|Any CPU
		{2DC38D6F-FA9F-42CE-B5C2-1924765980E9}.Release|Any CPU.Build.0 = Release|Any CPU
		{2DC38D6F-FA9F-42CE-B5C2-1924765980E9}.Release|x64.ActiveCfg = Release|Any CPU
		{2DC38D6F-FA9F-42CE-B5C2-1924765980E9}.Release|x64.Build.0 = Release|Any CPU
		{2DC38D6F-FA9F-42CE-B5C2-1924765980E9}.Release|x86.ActiveCfg = Release|Any CPU
		{2DC38D6F-FA9F-42CE-B5C2-1924765980E9}.Release|x86.Build.0 = Release|Any CPU
		{79835147-3A2D-4BB4-9990-2D4F734A8439}.Debug|Any CPU.ActiveCfg = Debug|Any CPU
		{79835147-3A2D-4BB4-9990-2D4F734A8439}.Debug|Any CPU.Build.0 = Debug|Any CPU
		{79835147-3A2D-4BB4-9990-2D4F734A8439}.Debug|x64.ActiveCfg = Debug|Any CPU
		{79835147-3A2D-4BB4-9990-2D4F734A8439}.Debug|x64.Build.0 = Debug|Any CPU
		{79835147-3A2D-4BB4-9990-2D4F734A8439}.Debug|x86.ActiveCfg = Debug|Any CPU
		{79835147-3A2D-4BB4-9990-2D4F734A8439}.Debug|x86.Build.0 = Debug|Any CPU
		{79835147-3A2D-4BB4-9990-2D4F734A8439}.Release|Any CPU.ActiveCfg = Release|Any CPU
		{79835147-3A2D-4BB4-9990-2D4F734A8439}.Release|Any CPU.Build.0 = Release|Any CPU
		{79835147-3A2D-4BB4-9990-2D4F734A8439}.Release|x64.ActiveCfg = Release|Any CPU
		{79835147-3A2D-4BB4-9990-2D4F734A8439}.Release|x64.Build.0 = Release|Any CPU
		{79835147-3A2D-4BB4-9990-2D4F734A8439}.Release|x86.ActiveCfg = Release|Any CPU
		{79835147-3A2D-4BB4-9990-2D4F734A8439}.Release|x86.Build.0 = Release|Any CPU
	EndGlobalSection
	GlobalSection(SolutionProperties) = preSolution
		HideSolutionNode = FALSE
	EndGlobalSection
	GlobalSection(ExtensibilityGlobals) = postSolution
		SolutionGuid = {CE7E3BFA-82C4-451F-A0D9-8F6A262AA58D}
	EndGlobalSection
EndGlobal
